
Microsoft Visual Studio Solution File, Format Version 12.00
# Visual Studio Version 17
VisualStudioVersion = 17.5.002.0
MinimumVisualStudioVersion = 10.0.40219.1
Project("{9A19103F-16F7-4668-BE54-9A1E7A4F7556}") = "Exercicio3", "Exercicio3.csproj", "{3D36D6A4-01A4-4FA4-88B4-6DC353910150}"
EndProject
Global
	GlobalSection(SolutionConfigurationPlatforms) = preSolution
		Debug|Any CPU = Debug|Any CPU
		Release|Any CPU = Release|Any CPU
	EndGlobalSection
	GlobalSection(ProjectConfigurationPlatforms) = postSolution
		{3D36D6A4-01A4-4FA4-88B4-6DC353910150}.Debug|Any CPU.ActiveCfg = Debug|Any CPU
		{3D36D6A4-01A4-4FA4-88B4-6DC353910150}.Debug|Any CPU.Build.0 = Debug|Any CPU
		{3D36D6A4-01A4-4FA4-88B4-6DC353910150}.Release|Any CPU.ActiveCfg = Release|Any CPU
		{3D36D6A4-01A4-4FA4-88B4-6DC353910150}.Release|Any CPU.Build.0 = Release|Any CPU
	EndGlobalSection
	GlobalSection(SolutionProperties) = preSolution
		HideSolutionNode = FALSE
	EndGlobalSection
	GlobalSection(ExtensibilityGlobals) = postSolution
		SolutionGuid = {ED110FC6-56B8-4143-BF4E-843BBF51DF6D}
	EndGlobalSection
EndGlobal
