
Microsoft Visual Studio Solution File, Format Version 12.00
# Visual Studio Version 17
VisualStudioVersion = 17.5.002.0
MinimumVisualStudioVersion = 10.0.40219.1
Project("{9A19103F-16F7-4668-BE54-9A1E7A4F7556}") = "Exercicio 5", "Exercicio 5.csproj", "{A2450331-E970-4AE3-B069-DAD814FB919B}"
EndProject
Global
	GlobalSection(SolutionConfigurationPlatforms) = preSolution
		Debug|Any CPU = Debug|Any CPU
		Release|Any CPU = Release|Any CPU
	EndGlobalSection
	GlobalSection(ProjectConfigurationPlatforms) = postSolution
		{A2450331-E970-4AE3-B069-DAD814FB919B}.Debug|Any CPU.ActiveCfg = Debug|Any CPU
		{A2450331-E970-4AE3-B069-DAD814FB919B}.Debug|Any CPU.Build.0 = Debug|Any CPU
		{A2450331-E970-4AE3-B069-DAD814FB919B}.Release|Any CPU.ActiveCfg = Release|Any CPU
		{A2450331-E970-4AE3-B069-DAD814FB919B}.Release|Any CPU.Build.0 = Release|Any CPU
	EndGlobalSection
	GlobalSection(SolutionProperties) = preSolution
		HideSolutionNode = FALSE
	EndGlobalSection
	GlobalSection(ExtensibilityGlobals) = postSolution
		SolutionGuid = {62889D4D-E364-429F-86E8-DDD35BE746A4}
	EndGlobalSection
EndGlobal
